version = 1
revision = 3
requires-python = ">=3.11"

[[package]]
name = "boto"
version = "2.49.0"
source = { registry = "https://pypi.org/simple" }
sdist = { url = "https://files.pythonhosted.org/packages/c8/af/54a920ff4255664f5d238b5aebd8eedf7a07c7a5e71e27afcfe840b82f51/boto-2.49.0.tar.gz", hash = "sha256:ea0d3b40a2d852767be77ca343b58a9e3a4b00d9db440efb8da74b4e58025e5a", size = 1478498, upload-time = "2018-07-11T20:58:58.057Z" }
wheels = [
    { url = "https://files.pythonhosted.org/packages/23/10/c0b78c27298029e4454a472a1919bde20cb182dab1662cec7f2ca1dcc523/boto-2.49.0-py2.py3-none-any.whl", hash = "sha256:147758d41ae7240dc989f0039f27da8ca0d53734be0eb869ef16e3adcfa462e8", size = 1359202, upload-time = "2018-07-11T20:58:55.711Z" },
]

[[package]]
name = "parsing"
version = "0.1.0"
source = { virtual = "." }
dependencies = [
    { name = "z3" },
]

[package.metadata]
requires-dist = [{ name = "z3", specifier = ">=0.2.0" }]

[[package]]
name = "z3"
version = "0.2.0"
source = { registry = "https://pypi.org/simple" }
dependencies = [
    { name = "boto" },
]
sdist = { url = "https://files.pythonhosted.org/packages/bc/00/c1f1dfb34f5975c0d5f03e108b0669246026b83512b755e9bc725638219d/z3-0.2.0.tar.gz", hash = "sha256:34819e964d71e1474f933b34b9e65f0d021ccfc9d9edbbded54d54c1a9352b90", size = 24593, upload-time = "2018-03-06T11:01:04.222Z" }
